
Microsoft Visual Studio Solution File, Format Version 12.00
# Visual Studio Version 17
VisualStudioVersion = 17.5.33516.290
MinimumVisualStudioVersion = 10.0.40219.1
Project("{FAE04EC0-301F-11D3-BF4B-00C04F79EFBC}") = "DesignPatterns-Singleton-ThreadPools", "DesignPatterns-Singleton-ThreadPools.csproj", "{C7C4F9F4-01BD-4D90-BD67-1743E2A28A51}"
EndProject
Global
	GlobalSection(SolutionConfigurationPlatforms) = preSolution
		Debug|Any CPU = Debug|Any CPU
		Release|Any CPU = Release|Any CPU
	EndGlobalSection
	GlobalSection(ProjectConfigurationPlatforms) = postSolution
		{C7C4F9F4-01BD-4D90-BD67-1743E2A28A51}.Debug|Any CPU.ActiveCfg = Debug|Any CPU
		{C7C4F9F4-01BD-4D90-BD67-1743E2A28A51}.Debug|Any CPU.Build.0 = Debug|Any CPU
		{C7C4F9F4-01BD-4D90-BD67-1743E2A28A51}.Release|Any CPU.ActiveCfg = Release|Any CPU
		{C7C4F9F4-01BD-4D90-BD67-1743E2A28A51}.Release|Any CPU.Build.0 = Release|Any CPU
	EndGlobalSection
	GlobalSection(SolutionProperties) = preSolution
		HideSolutionNode = FALSE
	EndGlobalSection
	GlobalSection(ExtensibilityGlobals) = postSolution
		SolutionGuid = {1A96DC5C-7BA6-459A-9024-57CA5F710F07}
	EndGlobalSection
EndGlobal
